
Microsoft Visual Studio Solution File, Format Version 12.00
# Visual Studio Version 17
VisualStudioVersion = 17.3.32929.385
MinimumVisualStudioVersion = 10.0.40219.1
Project("{9A19103F-16F7-4668-BE54-9A1E7A4F7556}") = "BManaber.Application", "BManaber.Application\BManaber.Application.csproj", "{6845165B-EF0F-4C24-AE31-A6667B241C9F}"
EndProject
Project("{9A19103F-16F7-4668-BE54-9A1E7A4F7556}") = "BManager.Infrastructure", "BManager.Infrastructure\BManager.Infrastructure.csproj", "{6281B57C-0344-42D0-9F43-A6C90F00A045}"
EndProject
Project("{9A19103F-16F7-4668-BE54-9A1E7A4F7556}") = "BManger.PublicApi", "BManger.PublicApi\BManger.PublicApi.csproj", "{724E76A1-65FE-4F5F-A22E-E894D5F5FA37}"
EndProject
Global
	GlobalSection(SolutionConfigurationPlatforms) = preSolution
		Debug|Any CPU = Debug|Any CPU
		Release|Any CPU = Release|Any CPU
	EndGlobalSection
	GlobalSection(ProjectConfigurationPlatforms) = postSolution
		{6845165B-EF0F-4C24-AE31-A6667B241C9F}.Debug|Any CPU.ActiveCfg = Debug|Any CPU
		{6845165B-EF0F-4C24-AE31-A6667B241C9F}.Debug|Any CPU.Build.0 = Debug|Any CPU
		{6845165B-EF0F-4C24-AE31-A6667B241C9F}.Release|Any CPU.ActiveCfg = Release|Any CPU
		{6845165B-EF0F-4C24-AE31-A6667B241C9F}.Release|Any CPU.Build.0 = Release|Any CPU
		{6281B57C-0344-42D0-9F43-A6C90F00A045}.Debug|Any CPU.ActiveCfg = Debug|Any CPU
		{6281B57C-0344-42D0-9F43-A6C90F00A045}.Debug|Any CPU.Build.0 = Debug|Any CPU
		{6281B57C-0344-42D0-9F43-A6C90F00A045}.Release|Any CPU.ActiveCfg = Release|Any CPU
		{6281B57C-0344-42D0-9F43-A6C90F00A045}.Release|Any CPU.Build.0 = Release|Any CPU
		{724E76A1-65FE-4F5F-A22E-E894D5F5FA37}.Debug|Any CPU.ActiveCfg = Debug|Any CPU
		{724E76A1-65FE-4F5F-A22E-E894D5F5FA37}.Debug|Any CPU.Build.0 = Debug|Any CPU
		{724E76A1-65FE-4F5F-A22E-E894D5F5FA37}.Release|Any CPU.ActiveCfg = Release|Any CPU
		{724E76A1-65FE-4F5F-A22E-E894D5F5FA37}.Release|Any CPU.Build.0 = Release|Any CPU
	EndGlobalSection
	GlobalSection(SolutionProperties) = preSolution
		HideSolutionNode = FALSE
	EndGlobalSection
	GlobalSection(ExtensibilityGlobals) = postSolution
		SolutionGuid = {41DAB84D-4450-466A-88DF-8B120D190A9C}
	EndGlobalSection
EndGlobal
